
Microsoft Visual Studio Solution File, Format Version 12.00
# Visual Studio Version 17
VisualStudioVersion = 17.8.34330.188
MinimumVisualStudioVersion = 10.0.40219.1
Project("{FAE04EC0-301F-11D3-BF4B-00C04F79EFBC}") = "TestWebApp", "TestWebApp\TestWebApp.csproj", "{2466176A-9328-442B-819E-EAFCBF7489BA}"
EndProject
Global
	GlobalSection(SolutionConfigurationPlatforms) = preSolution
		Debug|Any CPU = Debug|Any CPU
		Release|Any CPU = Release|Any CPU
	EndGlobalSection
	GlobalSection(ProjectConfigurationPlatforms) = postSolution
		{2466176A-9328-442B-819E-EAFCBF7489BA}.Debug|Any CPU.ActiveCfg = Debug|Any CPU
		{2466176A-9328-442B-819E-EAFCBF7489BA}.Debug|Any CPU.Build.0 = Debug|Any CPU
		{2466176A-9328-442B-819E-EAFCBF7489BA}.Release|Any CPU.ActiveCfg = Release|Any CPU
		{2466176A-9328-442B-819E-EAFCBF7489BA}.Release|Any CPU.Build.0 = Release|Any CPU
	EndGlobalSection
	GlobalSection(SolutionProperties) = preSolution
		HideSolutionNode = FALSE
	EndGlobalSection
	GlobalSection(ExtensibilityGlobals) = postSolution
		SolutionGuid = {90BC9DAD-B0F9-430D-AF44-89B4BE799A0E}
	EndGlobalSection
EndGlobal
